// !$*UTF8*$!
{
	archiveVersion = 1;
	classes = {
	};
	objectVersion = 50;
	objects = {

/* Begin PBXBuildFile section */
		320E46392109A6230046ECFB /* AppDelegate.swift in Sources */ = {isa = PBXBuildFile; fileRef = 320E46382109A6230046ECFB /* AppDelegate.swift */; };
		320E463B2109A6230046ECFB /* ViewController.swift in Sources */ = {isa = PBXBuildFile; fileRef = 320E463A2109A6230046ECFB /* ViewController.swift */; };
		320E463E2109A6230046ECFB /* Main.storyboard in Resources */ = {isa = PBXBuildFile; fileRef = 320E463C2109A6230046ECFB /* Main.storyboard */; };
		320E46402109A6240046ECFB /* Assets.xcassets in Resources */ = {isa = PBXBuildFile; fileRef = 320E463F2109A6240046ECFB /* Assets.xcassets */; };
		320E46432109A6240046ECFB /* LaunchScreen.storyboard in Resources */ = {isa = PBXBuildFile; fileRef = 320E46412109A6240046ECFB /* LaunchScreen.storyboard */; };
		320E464E2109A6240046ECFB /* Exercise_CalculatorTests.swift in Sources */ = {isa = PBXBuildFile; fileRef = 320E464D2109A6240046ECFB /* Exercise_CalculatorTests.swift */; };
		320E46592109A6240046ECFB /* Exercise_CalculatorUITests.swift in Sources */ = {isa = PBXBuildFile; fileRef = 320E46582109A6240046ECFB /* Exercise_CalculatorUITests.swift */; };
/* End PBXBuildFile section */

/* Begin PBXContainerItemProxy section */
		320E464A2109A6240046ECFB /* PBXContainerItemProxy */ = {
			isa = PBXContainerItemProxy;
			containerPortal = 320E462D2109A6230046ECFB /* Project object */;
			proxyType = 1;
			remoteGlobalIDString = 320E46342109A6230046ECFB;
			remoteInfo = Exercise_Calculator;
		};
		320E46552109A6240046ECFB /* PBXContainerItemProxy */ = {
			isa = PBXContainerItemProxy;
			containerPortal = 320E462D2109A6230046ECFB /* Project object */;
			proxyType = 1;
			remoteGlobalIDString = 320E46342109A6230046ECFB;
			remoteInfo = Exercise_Calculator;
		};
/* End PBXContainerItemProxy section */

/* Begin PBXFileReference section */
		320E46352109A6230046ECFB /* Exercise_Calculator.app */ = {isa = PBXFileReference; explicitFileType = wrapper.application; includeInIndex = 0; path = Exercise_Calculator.app; sourceTree = BUILT_PRODUCTS_DIR; };
		320E46382109A6230046ECFB /* AppDelegate.swift */ = {isa = PBXFileReference; lastKnownFileType = sourcecode.swift; path = AppDelegate.swift; sourceTree = "<group>"; };
		320E463A2109A6230046ECFB /* ViewController.swift */ = {isa = PBXFileReference; lastKnownFileType = sourcecode.swift; path = ViewController.swift; sourceTree = "<group>"; };
		320E463D2109A6230046ECFB /* Base */ = {isa = PBXFileReference; lastKnownFileType = file.storyboard; name = Base; path = Base.lproj/Main.storyboard; sourceTree = "<group>"; };
		320E463F2109A6240046ECFB /* Assets.xcassets */ = {isa = PBXFileReference; lastKnownFileType = folder.assetcatalog; path = Assets.xcassets; sourceTree = "<group>"; };
		320E46422109A6240046ECFB /* Base */ = {isa = PBXFileReference; lastKnownFileType = file.storyboard; name = Base; path = Base.lproj/LaunchScreen.storyboard; sourceTree = "<group>"; };
		320E46442109A6240046ECFB /* Info.plist */ = {isa = PBXFileReference; lastKnownFileType = text.plist.xml; path = Info.plist; sourceTree = "<group>"; };
		320E46492109A6240046ECFB /* Exercise_CalculatorTests.xctest */ = {isa = PBXFileReference; explicitFileType = wrapper.cfbundle; includeInIndex = 0; path = Exercise_CalculatorTests.xctest; sourceTree = BUILT_PRODUCTS_DIR; };
		320E464D2109A6240046ECFB /* Exercise_CalculatorTests.swift */ = {isa = PBXFileReference; lastKnownFileType = sourcecode.swift; path = Exercise_CalculatorTests.swift; sourceTree = "<group>"; };
		320E464F2109A6240046ECFB /* Info.plist */ = {isa = PBXFileReference; lastKnownFileType = text.plist.xml; path = Info.plist; sourceTree = "<group>"; };
		320E46542109A6240046ECFB /* Exercise_CalculatorUITests.xctest */ = {isa = PBXFileReference; explicitFileType = wrapper.cfbundle; includeInIndex = 0; path = Exercise_CalculatorUITests.xctest; sourceTree = BUILT_PRODUCTS_DIR; };
		320E46582109A6240046ECFB /* Exercise_CalculatorUITests.swift */ = {isa = PBXFileReference; lastKnownFileType = sourcecode.swift; path = Exercise_CalculatorUITests.swift; sourceTree = "<group>"; };
		320E465A2109A6240046ECFB /* Info.plist */ = {isa = PBXFileReference; lastKnownFileType = text.plist.xml; path = Info.plist; sourceTree = "<group>"; };
/* End PBXFileReference section */

/* Begin PBXFrameworksBuildPhase section */
		320E46322109A6230046ECFB /* Frameworks */ = {
			isa = PBXFrameworksBuildPhase;
			buildActionMask = 2147483647;
			files = (
			);
			runOnlyForDeploymentPostprocessing = 0;
		};
		320E46462109A6240046ECFB /* Frameworks */ = {
			isa = PBXFrameworksBuildPhase;
			buildActionMask = 2147483647;
			files = (
			);
			runOnlyForDeploymentPostprocessing = 0;
		};
		320E46512109A6240046ECFB /* Frameworks */ = {
			isa = PBXFrameworksBuildPhase;
			buildActionMask = 2147483647;
			files = (
			);
			runOnlyForDeploymentPostprocessing = 0;
		};
/* End PBXFrameworksBuildPhase section */

/* Begin PBXGroup section */
		320E462C2109A6230046ECFB = {
			isa = PBXGroup;
			children = (
				320E46372109A6230046ECFB /* Exercise_Calculator */,
				320E464C2109A6240046ECFB /* Exercise_CalculatorTests */,
				320E46572109A6240046ECFB /* Exercise_CalculatorUITests */,
				320E46362109A6230046ECFB /* Products */,
			);
			sourceTree = "<group>";
		};
		320E46362109A6230046ECFB /* Products */ = {
			isa = PBXGroup;
			children = (
				320E46352109A6230046ECFB /* Exercise_Calculator.app */,
				320E46492109A6240046ECFB /* Exercise_CalculatorTests.xctest */,
				320E46542109A6240046ECFB /* Exercise_CalculatorUITests.xctest */,
			);
			name = Products;
			sourceTree = "<group>";
		};
		320E46372109A6230046ECFB /* Exercise_Calculator */ = {
			isa = PBXGroup;
			children = (
				320E46382109A6230046ECFB /* AppDelegate.swift */,
				320E463A2109A6230046ECFB /* ViewController.swift */,
				320E463C2109A6230046ECFB /* Main.storyboard */,
				320E463F2109A6240046ECFB /* Assets.xcassets */,
				320E46412109A6240046ECFB /* LaunchScreen.storyboard */,
				320E46442109A6240046ECFB /* Info.plist */,
			);
			path = Exercise_Calculator;
			sourceTree = "<group>";
		};
		320E464C2109A6240046ECFB /* Exercise_CalculatorTests */ = {
			isa = PBXGroup;
			children = (
				320E464D2109A6240046ECFB /* Exercise_CalculatorTests.swift */,
				320E464F2109A6240046ECFB /* Info.plist */,
			);
			path = Exercise_CalculatorTests;
			sourceTree = "<group>";
		};
		320E46572109A6240046ECFB /* Exercise_CalculatorUITests */ = {
			isa = PBXGroup;
			children = (
				320E46582109A6240046ECFB /* Exercise_CalculatorUITests.swift */,
				320E465A2109A6240046ECFB /* Info.plist */,
			);
			path = Exercise_CalculatorUITests;
			sourceTree = "<group>";
		};
/* End PBXGroup section */

/* Begin PBXNativeTarget section */
		320E46342109A6230046ECFB /* Exercise_Calculator */ = {
			isa = PBXNativeTarget;
			buildConfigurationList = 320E465D2109A6240046ECFB /* Build configuration list for PBXNativeTarget "Exercise_Calculator" */;
			buildPhases = (
				320E46312109A6230046ECFB /* Sources */,
				320E46322109A6230046ECFB /* Frameworks */,
				320E46332109A6230046ECFB /* Resources */,
			);
			buildRules = (
			);
			dependencies = (
			);
			name = Exercise_Calculator;
			productName = Exercise_Calculator;
			productReference = 320E46352109A6230046ECFB /* Exercise_Calculator.app */;
			productType = "com.apple.product-type.application";
		};
		320E46482109A6240046ECFB /* Exercise_CalculatorTests */ = {
			isa = PBXNativeTarget;
			buildConfigurationList = 320E46602109A6240046ECFB /* Build configuration list for PBXNativeTarget "Exercise_CalculatorTests" */;
			buildPhases = (
				320E46452109A6240046ECFB /* Sources */,
				320E46462109A6240046ECFB /* Frameworks */,
				320E46472109A6240046ECFB /* Resources */,
			);
			buildRules = (
			);
			dependencies = (
				320E464B2109A6240046ECFB /* PBXTargetDependency */,
			);
			name = Exercise_CalculatorTests;
			productName = Exercise_CalculatorTests;
			productReference = 320E46492109A6240046ECFB /* Exercise_CalculatorTests.xctest */;
			productType = "com.apple.product-type.bundle.unit-test";
		};
		320E46532109A6240046ECFB /* Exercise_CalculatorUITests */ = {
			isa = PBXNativeTarget;
			buildConfigurationList = 320E46632109A6240046ECFB /* Build configuration list for PBXNativeTarget "Exercise_CalculatorUITests" */;
			buildPhases = (
				320E46502109A6240046ECFB /* Sources */,
				320E46512109A6240046ECFB /* Frameworks */,
				320E46522109A6240046ECFB /* Resources */,
			);
			buildRules = (
			);
			dependencies = (
				320E46562109A6240046ECFB /* PBXTargetDependency */,
			);
			name = Exercise_CalculatorUITests;
			productName = Exercise_CalculatorUITests;
			productReference = 320E46542109A6240046ECFB /* Exercise_CalculatorUITests.xctest */;
			productType = "com.apple.product-type.bundle.ui-testing";
		};
/* End PBXNativeTarget section */

/* Begin PBXProject section */
		320E462D2109A6230046ECFB /* Project object */ = {
			isa = PBXProject;
			attributes = {
				LastSwiftUpdateCheck = 0940;
				LastUpgradeCheck = 0940;
				ORGANIZATIONNAME = ThinhLe;
				TargetAttributes = {
					320E46342109A6230046ECFB = {
						CreatedOnToolsVersion = 9.4.1;
					};
					320E46482109A6240046ECFB = {
						CreatedOnToolsVersion = 9.4.1;
						TestTargetID = 320E46342109A6230046ECFB;
					};
					320E46532109A6240046ECFB = {
						CreatedOnToolsVersion = 9.4.1;
						TestTargetID = 320E46342109A6230046ECFB;
					};
				};
			};
			buildConfigurationList = 320E46302109A6230046ECFB /* Build configuration list for PBXProject "Exercise_Calculator" */;
			compatibilityVersion = "Xcode 9.3";
			developmentRegion = en;
			hasScannedForEncodings = 0;
			knownRegions = (
				en,
				Base,
			);
			mainGroup = 320E462C2109A6230046ECFB;
			productRefGroup = 320E46362109A6230046ECFB /* Products */;
			projectDirPath = "";
			projectRoot = "";
			targets = (
				320E46342109A6230046ECFB /* Exercise_Calculator */,
				320E46482109A6240046ECFB /* Exercise_CalculatorTests */,
				320E46532109A6240046ECFB /* Exercise_CalculatorUITests */,
			);
		};
/* End PBXProject section */

/* Begin PBXResourcesBuildPhase section */
		320E46332109A6230046ECFB /* Resources */ = {
			isa = PBXResourcesBuildPhase;
			buildActionMask = 2147483647;
			files = (
				320E46432109A6240046ECFB /* LaunchScreen.storyboard in Resources */,
				320E46402109A6240046ECFB /* Assets.xcassets in Resources */,
				320E463E2109A6230046ECFB /* Main.storyboard in Resources */,
			);
			runOnlyForDeploymentPostprocessing = 0;
		};
		320E46472109A6240046ECFB /* Resources */ = {
			isa = PBXResourcesBuildPhase;
			buildActionMask = 2147483647;
			files = (
			);
			runOnlyForDeploymentPostprocessing = 0;
		};
		320E46522109A6240046ECFB /* Resources */ = {
			isa = PBXResourcesBuildPhase;
			buildActionMask = 2147483647;
			files = (
			);
			runOnlyForDeploymentPostprocessing = 0;
		};
/* End PBXResourcesBuildPhase section */

/* Begin PBXSourcesBuildPhase section */
		320E46312109A6230046ECFB /* Sources */ = {
			isa = PBXSourcesBuildPhase;
			buildActionMask = 2147483647;
			files = (
				320E463B2109A6230046ECFB /* ViewController.swift in Sources */,
				320E46392109A6230046ECFB /* AppDelegate.swift in Sources */,
			);
			runOnlyForDeploymentPostprocessing = 0;
		};
		320E46452109A6240046ECFB /* Sources */ = {
			isa = PBXSourcesBuildPhase;
			buildActionMask = 2147483647;
			files = (
				320E464E2109A6240046ECFB /* Exercise_CalculatorTests.swift in Sources */,
			);
			runOnlyForDeploymentPostprocessing = 0;
		};
		320E46502109A6240046ECFB /* Sources */ = {
			isa = PBXSourcesBuildPhase;
			buildActionMask = 2147483647;
			files = (
				320E46592109A6240046ECFB /* Exercise_CalculatorUITests.swift in Sources */,
			);
			runOnlyForDeploymentPostprocessing = 0;
		};
/* End PBXSourcesBuildPhase section */

/* Begin PBXTargetDependency section */
		320E464B2109A6240046ECFB /* PBXTargetDependency */ = {
			isa = PBXTargetDependency;
			target = 320E46342109A6230046ECFB /* Exercise_Calculator */;
			targetProxy = 320E464A2109A6240046ECFB /* PBXContainerItemProxy */;
		};
		320E46562109A6240046ECFB /* PBXTargetDependency */ = {
			isa = PBXTargetDependency;
			target = 320E46342109A6230046ECFB /* Exercise_Calculator */;
			targetProxy = 320E46552109A6240046ECFB /* PBXContainerItemProxy */;
		};
/* End PBXTargetDependency section */

/* Begin PBXVariantGroup section */
		320E463C2109A6230046ECFB /* Main.storyboard */ = {
			isa = PBXVariantGroup;
			children = (
				320E463D2109A6230046ECFB /* Base */,
			);
			name = Main.storyboard;
			sourceTree = "<group>";
		};
		320E46412109A6240046ECFB /* LaunchScreen.storyboard */ = {
			isa = PBXVariantGroup;
			children = (
				320E46422109A6240046ECFB /* Base */,
			);
			name = LaunchScreen.storyboard;
			sourceTree = "<group>";
		};
/* End PBXVariantGroup section */

/* Begin XCBuildConfiguration section */
		320E465B2109A6240046ECFB /* Debug */ = {
			isa = XCBuildConfiguration;
			buildSettings = {
				ALWAYS_SEARCH_USER_PATHS = NO;
				CLANG_ANALYZER_NONNULL = YES;
				CLANG_ANALYZER_NUMBER_OBJECT_CONVERSION = YES_AGGRESSIVE;
				CLANG_CXX_LANGUAGE_STANDARD = "gnu++14";
				CLANG_CXX_LIBRARY = "libc++";
				CLANG_ENABLE_MODULES = YES;
				CLANG_ENABLE_OBJC_ARC = YES;
				CLANG_ENABLE_OBJC_WEAK = YES;
				CLANG_WARN_BLOCK_CAPTURE_AUTORELEASING = YES;
				CLANG_WARN_BOOL_CONVERSION = YES;
				CLANG_WARN_COMMA = YES;
				CLANG_WARN_CONSTANT_CONVERSION = YES;
				CLANG_WARN_DEPRECATED_OBJC_IMPLEMENTATIONS = YES;
				CLANG_WARN_DIRECT_OBJC_ISA_USAGE = YES_ERROR;
				CLANG_WARN_DOCUMENTATION_COMMENTS = YES;
				CLANG_WARN_EMPTY_BODY = YES;
				CLANG_WARN_ENUM_CONVERSION = YES;
				CLANG_WARN_INFINITE_RECURSION = YES;
				CLANG_WARN_INT_CONVERSION = YES;
				CLANG_WARN_NON_LITERAL_NULL_CONVERSION = YES;
				CLANG_WARN_OBJC_IMPLICIT_RETAIN_SELF = YES;
				CLANG_WARN_OBJC_LITERAL_CONVERSION = YES;
				CLANG_WARN_OBJC_ROOT_CLASS = YES_ERROR;
				CLANG_WARN_RANGE_LOOP_ANALYSIS = YES;
				CLANG_WARN_STRICT_PROTOTYPES = YES;
				CLANG_WARN_SUSPICIOUS_MOVE = YES;
				CLANG_WARN_UNGUARDED_AVAILABILITY = YES_AGGRESSIVE;
				CLANG_WARN_UNREACHABLE_CODE = YES;
				CLANG_WARN__DUPLICATE_METHOD_MATCH = YES;
				CODE_SIGN_IDENTITY = "iPhone Developer";
				COPY_PHASE_STRIP = NO;
				DEBUG_INFORMATION_FORMAT = dwarf;
				ENABLE_STRICT_OBJC_MSGSEND = YES;
				ENABLE_TESTABILITY = YES;
				GCC_C_LANGUAGE_STANDARD = gnu11;
				GCC_DYNAMIC_NO_PIC = NO;
				GCC_NO_COMMON_BLOCKS = YES;
				GCC_OPTIMIZATION_LEVEL = 0;
				GCC_PREPROCESSOR_DEFINITIONS = (
					"DEBUG=1",
					"$(inherited)",
				);
				GCC_WARN_64_TO_32_BIT_CONVERSION = YES;
				GCC_WARN_ABOUT_RETURN_TYPE = YES_ERROR;
				GCC_WARN_UNDECLARED_SELECTOR = YES;
				GCC_WARN_UNINITIALIZED_AUTOS = YES_AGGRESSIVE;
				GCC_WARN_UNUSED_FUNCTION = YES;
				GCC_WARN_UNUSED_VARIABLE = YES;
				IPHONEOS_DEPLOYMENT_TARGET = 11.4;
				MTL_ENABLE_DEBUG_INFO = YES;
				ONLY_ACTIVE_ARCH = YES;
				SDKROOT = iphoneos;
				SWIFT_ACTIVE_COMPILATION_CONDITIONS = DEBUG;
				SWIFT_OPTIMIZATION_LEVEL = "-Onone";
			};
			name = Debug;
		};
		320E465C2109A6240046ECFB /* Release */ = {
			isa = XCBuildConfiguration;
			buildSettings = {
				ALWAYS_SEARCH_USER_PATHS = NO;
				CLANG_ANALYZER_NONNULL = YES;
				CLANG_ANALYZER_NUMBER_OBJECT_CONVERSION = YES_AGGRESSIVE;
				CLANG_CXX_LANGUAGE_STANDARD = "gnu++14";
				CLANG_CXX_LIBRARY = "libc++";
				CLANG_ENABLE_MODULES = YES;
				CLANG_ENABLE_OBJC_ARC = YES;
				CLANG_ENABLE_OBJC_WEAK = YES;
				CLANG_WARN_BLOCK_CAPTURE_AUTORELEASING = YES;
				CLANG_WARN_BOOL_CONVERSION = YES;
				CLANG_WARN_COMMA = YES;
				CLANG_WARN_CONSTANT_CONVERSION = YES;
				CLANG_WARN_DEPRECATED_OBJC_IMPLEMENTATIONS = YES;
				CLANG_WARN_DIRECT_OBJC_ISA_USAGE = YES_ERROR;
				CLANG_WARN_DOCUMENTATION_COMMENTS = YES;
				CLANG_WARN_EMPTY_BODY = YES;
				CLANG_WARN_ENUM_CONVERSION = YES;
				CLANG_WARN_INFINITE_RECURSION = YES;
				CLANG_WARN_INT_CONVERSION = YES;
				CLANG_WARN_NON_LITERAL_NULL_CONVERSION = YES;
				CLANG_WARN_OBJC_IMPLICIT_RETAIN_SELF = YES;
				CLANG_WARN_OBJC_LITERAL_CONVERSION = YES;
				CLANG_WARN_OBJC_ROOT_CLASS = YES_ERROR;
				CLANG_WARN_RANGE_LOOP_ANALYSIS = YES;
				CLANG_WARN_STRICT_PROTOTYPES = YES;
				CLANG_WARN_SUSPICIOUS_MOVE = YES;
				CLANG_WARN_UNGUARDED_AVAILABILITY = YES_AGGRESSIVE;
				CLANG_WARN_UNREACHABLE_CODE = YES;
				CLANG_WARN__DUPLICATE_METHOD_MATCH = YES;
				CODE_SIGN_IDENTITY = "iPhone Developer";
				COPY_PHASE_STRIP = NO;
				DEBUG_INFORMATION_FORMAT = "dwarf-with-dsym";
				ENABLE_NS_ASSERTIONS = NO;
				ENABLE_STRICT_OBJC_MSGSEND = YES;
				GCC_C_LANGUAGE_STANDARD = gnu11;
				GCC_NO_COMMON_BLOCKS = YES;
				GCC_WARN_64_TO_32_BIT_CONVERSION = YES;
				GCC_WARN_ABOUT_RETURN_TYPE = YES_ERROR;
				GCC_WARN_UNDECLARED_SELECTOR = YES;
				GCC_WARN_UNINITIALIZED_AUTOS = YES_AGGRESSIVE;
				GCC_WARN_UNUSED_FUNCTION = YES;
				GCC_WARN_UNUSED_VARIABLE = YES;
				IPHONEOS_DEPLOYMENT_TARGET = 11.4;
				MTL_ENABLE_DEBUG_INFO = NO;
				SDKROOT = iphoneos;
				SWIFT_COMPILATION_MODE = wholemodule;
				SWIFT_OPTIMIZATION_LEVEL = "-O";
				VALIDATE_PRODUCT = YES;
			};
			name = Release;
		};
		320E465E2109A6240046ECFB /* Debug */ = {
			isa = XCBuildConfiguration;
			buildSettings = {
				ASSETCATALOG_COMPILER_APPICON_NAME = AppIcon;
				CODE_SIGN_STYLE = Automatic;
				INFOPLIST_FILE = Exercise_Calculator/Info.plist;
				LD_RUNPATH_SEARCH_PATHS = (
					"$(inherited)",
					"@executable_path/Frameworks",
				);
				PRODUCT_BUNDLE_IDENTIFIER = "ThinhLe.Exercise-Calculator";
				PRODUCT_NAME = "$(TARGET_NAME)";
				SWIFT_VERSION = 4.0;
				TARGETED_DEVICE_FAMILY = "1,2";
			};
			name = Debug;
		};
		320E465F2109A6240046ECFB /* Release */ = {
			isa = XCBuildConfiguration;
			buildSettings = {
				ASSETCATALOG_COMPILER_APPICON_NAME = AppIcon;
				CODE_SIGN_STYLE = Automatic;
				INFOPLIST_FILE = Exercise_Calculator/Info.plist;
				LD_RUNPATH_SEARCH_PATHS = (
					"$(inherited)",
					"@executable_path/Frameworks",
				);
				PRODUCT_BUNDLE_IDENTIFIER = "ThinhLe.Exercise-Calculator";
				PRODUCT_NAME = "$(TARGET_NAME)";
				SWIFT_VERSION = 4.0;
				TARGETED_DEVICE_FAMILY = "1,2";
			};
			name = Release;
		};
		320E46612109A6240046ECFB /* Debug */ = {
			isa = XCBuildConfiguration;
			buildSettings = {
				ALWAYS_EMBED_SWIFT_STANDARD_LIBRARIES = YES;
				BUNDLE_LOADER = "$(TEST_HOST)";
				CODE_SIGN_STYLE = Automatic;
				INFOPLIST_FILE = Exercise_CalculatorTests/Info.plist;
				LD_RUNPATH_SEARCH_PATHS = (
					"$(inherited)",
					"@executable_path/Frameworks",
					"@loader_path/Frameworks",
				);
				PRODUCT_BUNDLE_IDENTIFIER = "ThinhLe.Exercise-CalculatorTests";
				PRODUCT_NAME = "$(TARGET_NAME)";
				SWIFT_VERSION = 4.0;
				TARGETED_DEVICE_FAMILY = "1,2";
				TEST_HOST = "$(BUILT_PRODUCTS_DIR)/Exercise_Calculator.app/Exercise_Calculator";
			};
			name = Debug;
		};
		320E46622109A6240046ECFB /* Release */ = {
			isa = XCBuildConfiguration;
			buildSettings = {
				ALWAYS_EMBED_SWIFT_STANDARD_LIBRARIES = YES;
				BUNDLE_LOADER = "$(TEST_HOST)";
				CODE_SIGN_STYLE = Automatic;
				INFOPLIST_FILE = Exercise_CalculatorTests/Info.plist;
				LD_RUNPATH_SEARCH_PATHS = (
					"$(inherited)",
					"@executable_path/Frameworks",
					"@loader_path/Frameworks",
				);
				PRODUCT_BUNDLE_IDENTIFIER = "ThinhLe.Exercise-CalculatorTests";
				PRODUCT_NAME = "$(TARGET_NAME)";
				SWIFT_VERSION = 4.0;
				TARGETED_DEVICE_FAMILY = "1,2";
				TEST_HOST = "$(BUILT_PRODUCTS_DIR)/Exercise_Calculator.app/Exercise_Calculator";
			};
			name = Release;
		};
		320E46642109A6240046ECFB /* Debug */ = {
			isa = XCBuildConfiguration;
			buildSettings = {
				ALWAYS_EMBED_SWIFT_STANDARD_LIBRARIES = YES;
				CODE_SIGN_STYLE = Automatic;
				INFOPLIST_FILE = Exercise_CalculatorUITests/Info.plist;
				LD_RUNPATH_SEARCH_PATHS = (
					"$(inherited)",
					"@executable_path/Frameworks",
					"@loader_path/Frameworks",
				);
				PRODUCT_BUNDLE_IDENTIFIER = "ThinhLe.Exercise-CalculatorUITests";
				PRODUCT_NAME = "$(TARGET_NAME)";
				SWIFT_VERSION = 4.0;
				TARGETED_DEVICE_FAMILY = "1,2";
				TEST_TARGET_NAME = Exercise_Calculator;
			};
			name = Debug;
		};
		320E46652109A6240046ECFB /* Release */ = {
			isa = XCBuildConfiguration;
			buildSettings = {
				ALWAYS_EMBED_SWIFT_STANDARD_LIBRARIES = YES;
				CODE_SIGN_STYLE = Automatic;
				INFOPLIST_FILE = Exercise_CalculatorUITests/Info.plist;
				LD_RUNPATH_SEARCH_PATHS = (
					"$(inherited)",
					"@executable_path/Frameworks",
					"@loader_path/Frameworks",
				);
				PRODUCT_BUNDLE_IDENTIFIER = "ThinhLe.Exercise-CalculatorUITests";
				PRODUCT_NAME = "$(TARGET_NAME)";
				SWIFT_VERSION = 4.0;
				TARGETED_DEVICE_FAMILY = "1,2";
				TEST_TARGET_NAME = Exercise_Calculator;
			};
			name = Release;
		};
/* End XCBuildConfiguration section */

/* Begin XCConfigurationList section */
		320E46302109A6230046ECFB /* Build configuration list for PBXProject "Exercise_Calculator" */ = {
			isa = XCConfigurationList;
			buildConfigurations = (
				320E465B2109A6240046ECFB /* Debug */,
				320E465C2109A6240046ECFB /* Release */,
			);
			defaultConfigurationIsVisible = 0;
			defaultConfigurationName = Release;
		};
		320E465D2109A6240046ECFB /* Build configuration list for PBXNativeTarget "Exercise_Calculator" */ = {
			isa = XCConfigurationList;
			buildConfigurations = (
				320E465E2109A6240046ECFB /* Debug */,
				320E465F2109A6240046ECFB /* Release */,
			);
			defaultConfigurationIsVisible = 0;
			defaultConfigurationName = Release;
		};
		320E46602109A6240046ECFB /* Build configuration list for PBXNativeTarget "Exercise_CalculatorTests" */ = {
			isa = XCConfigurationList;
			buildConfigurations = (
				320E46612109A6240046ECFB /* Debug */,
				320E46622109A6240046ECFB /* Release */,
			);
			defaultConfigurationIsVisible = 0;
			defaultConfigurationName = Release;
		};
		320E46632109A6240046ECFB /* Build configuration list for PBXNativeTarget "Exercise_CalculatorUITests" */ = {
			isa = XCConfigurationList;
			buildConfigurations = (
				320E46642109A6240046ECFB /* Debug */,
				320E46652109A6240046ECFB /* Release */,
			);
			defaultConfigurationIsVisible = 0;
			defaultConfigurationName = Release;
		};
/* End XCConfigurationList section */
	};
	rootObject = 320E462D2109A6230046ECFB /* Project object */;
}
