// !$*UTF8*$!
{
	archiveVersion = 1;
	classes = {
	};
	objectVersion = 50;
	objects = {

/* Begin PBXBuildFile section */
		32BFFA1721143F6A00650679 /* AppDelegate.swift in Sources */ = {isa = PBXBuildFile; fileRef = 32BFFA1621143F6A00650679 /* AppDelegate.swift */; };
		32BFFA1C21143F6B00650679 /* Main.storyboard in Resources */ = {isa = PBXBuildFile; fileRef = 32BFFA1A21143F6B00650679 /* Main.storyboard */; };
		32BFFA1E21143F6D00650679 /* Assets.xcassets in Resources */ = {isa = PBXBuildFile; fileRef = 32BFFA1D21143F6D00650679 /* Assets.xcassets */; };
		32BFFA2121143F6D00650679 /* LaunchScreen.storyboard in Resources */ = {isa = PBXBuildFile; fileRef = 32BFFA1F21143F6D00650679 /* LaunchScreen.storyboard */; };
		32BFFA29211440D900650679 /* UsersViewController.swift in Sources */ = {isa = PBXBuildFile; fileRef = 32BFFA28211440D900650679 /* UsersViewController.swift */; };
		32BFFA2B2114423400650679 /* User.swift in Sources */ = {isa = PBXBuildFile; fileRef = 32BFFA2A2114423400650679 /* User.swift */; };
		32BFFA2D2114492F00650679 /* UsersTable.swift in Sources */ = {isa = PBXBuildFile; fileRef = 32BFFA2C2114492F00650679 /* UsersTable.swift */; };
		32BFFA4721144F9200650679 /* SQLite.framework in Frameworks */ = {isa = PBXBuildFile; fileRef = 32BFFA3921144A8300650679 /* SQLite.framework */; };
		32BFFA4821144FAC00650679 /* SQLite.framework in Frameworks */ = {isa = PBXBuildFile; fileRef = 32BFFA3921144A8300650679 /* SQLite.framework */; };
		32BFFA4921144FAC00650679 /* SQLite.framework in Embed Frameworks */ = {isa = PBXBuildFile; fileRef = 32BFFA3921144A8300650679 /* SQLite.framework */; settings = {ATTRIBUTES = (CodeSignOnCopy, RemoveHeadersOnCopy, ); }; };
/* End PBXBuildFile section */

/* Begin PBXContainerItemProxy section */
		32BFFA3821144A8300650679 /* PBXContainerItemProxy */ = {
			isa = PBXContainerItemProxy;
			containerPortal = 32BFFA2E21144A8200650679 /* SQLite.xcodeproj */;
			proxyType = 2;
			remoteGlobalIDString = EE247AD31C3F04ED00AE3E12;
			remoteInfo = "SQLite iOS";
		};
		32BFFA3A21144A8300650679 /* PBXContainerItemProxy */ = {
			isa = PBXContainerItemProxy;
			containerPortal = 32BFFA2E21144A8200650679 /* SQLite.xcodeproj */;
			proxyType = 2;
			remoteGlobalIDString = EE247ADD1C3F04ED00AE3E12;
			remoteInfo = "SQLiteTests iOS";
		};
		32BFFA3C21144A8300650679 /* PBXContainerItemProxy */ = {
			isa = PBXContainerItemProxy;
			containerPortal = 32BFFA2E21144A8200650679 /* SQLite.xcodeproj */;
			proxyType = 2;
			remoteGlobalIDString = EE247B3C1C3F3ED000AE3E12;
			remoteInfo = "SQLite Mac";
		};
		32BFFA3E21144A8300650679 /* PBXContainerItemProxy */ = {
			isa = PBXContainerItemProxy;
			containerPortal = 32BFFA2E21144A8200650679 /* SQLite.xcodeproj */;
			proxyType = 2;
			remoteGlobalIDString = EE247B451C3F3ED000AE3E12;
			remoteInfo = "SQLiteTests Mac";
		};
		32BFFA4021144A8300650679 /* PBXContainerItemProxy */ = {
			isa = PBXContainerItemProxy;
			containerPortal = 32BFFA2E21144A8200650679 /* SQLite.xcodeproj */;
			proxyType = 2;
			remoteGlobalIDString = 03A65E5A1C6BB0F50062603F;
			remoteInfo = "SQLite tvOS";
		};
		32BFFA4221144A8300650679 /* PBXContainerItemProxy */ = {
			isa = PBXContainerItemProxy;
			containerPortal = 32BFFA2E21144A8200650679 /* SQLite.xcodeproj */;
			proxyType = 2;
			remoteGlobalIDString = 03A65E631C6BB0F60062603F;
			remoteInfo = "SQLiteTests tvOS";
		};
		32BFFA4421144A8300650679 /* PBXContainerItemProxy */ = {
			isa = PBXContainerItemProxy;
			containerPortal = 32BFFA2E21144A8200650679 /* SQLite.xcodeproj */;
			proxyType = 2;
			remoteGlobalIDString = A121AC451CA35C79005A31D1;
			remoteInfo = "SQLite watchOS";
		};
		32BFFA4A21144FAC00650679 /* PBXContainerItemProxy */ = {
			isa = PBXContainerItemProxy;
			containerPortal = 32BFFA2E21144A8200650679 /* SQLite.xcodeproj */;
			proxyType = 1;
			remoteGlobalIDString = EE247AD21C3F04ED00AE3E12;
			remoteInfo = "SQLite iOS";
		};
/* End PBXContainerItemProxy section */

/* Begin PBXCopyFilesBuildPhase section */
		32BFFA4C21144FAC00650679 /* Embed Frameworks */ = {
			isa = PBXCopyFilesBuildPhase;
			buildActionMask = 2147483647;
			dstPath = "";
			dstSubfolderSpec = 10;
			files = (
				32BFFA4921144FAC00650679 /* SQLite.framework in Embed Frameworks */,
			);
			name = "Embed Frameworks";
			runOnlyForDeploymentPostprocessing = 0;
		};
/* End PBXCopyFilesBuildPhase section */

/* Begin PBXFileReference section */
		32BFFA1321143F6A00650679 /* SQLite_Lesson7.app */ = {isa = PBXFileReference; explicitFileType = wrapper.application; includeInIndex = 0; path = SQLite_Lesson7.app; sourceTree = BUILT_PRODUCTS_DIR; };
		32BFFA1621143F6A00650679 /* AppDelegate.swift */ = {isa = PBXFileReference; lastKnownFileType = sourcecode.swift; path = AppDelegate.swift; sourceTree = "<group>"; };
		32BFFA1B21143F6B00650679 /* Base */ = {isa = PBXFileReference; lastKnownFileType = file.storyboard; name = Base; path = Base.lproj/Main.storyboard; sourceTree = "<group>"; };
		32BFFA1D21143F6D00650679 /* Assets.xcassets */ = {isa = PBXFileReference; lastKnownFileType = folder.assetcatalog; path = Assets.xcassets; sourceTree = "<group>"; };
		32BFFA2021143F6D00650679 /* Base */ = {isa = PBXFileReference; lastKnownFileType = file.storyboard; name = Base; path = Base.lproj/LaunchScreen.storyboard; sourceTree = "<group>"; };
		32BFFA2221143F6D00650679 /* Info.plist */ = {isa = PBXFileReference; lastKnownFileType = text.plist.xml; path = Info.plist; sourceTree = "<group>"; };
		32BFFA28211440D900650679 /* UsersViewController.swift */ = {isa = PBXFileReference; lastKnownFileType = sourcecode.swift; path = UsersViewController.swift; sourceTree = "<group>"; };
		32BFFA2A2114423400650679 /* User.swift */ = {isa = PBXFileReference; lastKnownFileType = sourcecode.swift; path = User.swift; sourceTree = "<group>"; };
		32BFFA2C2114492F00650679 /* UsersTable.swift */ = {isa = PBXFileReference; lastKnownFileType = sourcecode.swift; path = UsersTable.swift; sourceTree = "<group>"; };
		32BFFA2E21144A8200650679 /* SQLite.xcodeproj */ = {isa = PBXFileReference; lastKnownFileType = "wrapper.pb-project"; name = SQLite.xcodeproj; path = "../../../Downloads/SQLite.swift-master/SQLite.xcodeproj"; sourceTree = "<group>"; };
/* End PBXFileReference section */

/* Begin PBXFrameworksBuildPhase section */
		32BFFA1021143F6A00650679 /* Frameworks */ = {
			isa = PBXFrameworksBuildPhase;
			buildActionMask = 2147483647;
			files = (
				32BFFA4821144FAC00650679 /* SQLite.framework in Frameworks */,
				32BFFA4721144F9200650679 /* SQLite.framework in Frameworks */,
			);
			runOnlyForDeploymentPostprocessing = 0;
		};
/* End PBXFrameworksBuildPhase section */

/* Begin PBXGroup section */
		32BFFA0A21143F6A00650679 = {
			isa = PBXGroup;
			children = (
				32BFFA1521143F6A00650679 /* SQLite_Lesson7 */,
				32BFFA1421143F6A00650679 /* Products */,
				32BFFA2E21144A8200650679 /* SQLite.xcodeproj */,
				32BFFA4621144F9200650679 /* Frameworks */,
			);
			sourceTree = "<group>";
		};
		32BFFA1421143F6A00650679 /* Products */ = {
			isa = PBXGroup;
			children = (
				32BFFA1321143F6A00650679 /* SQLite_Lesson7.app */,
			);
			name = Products;
			sourceTree = "<group>";
		};
		32BFFA1521143F6A00650679 /* SQLite_Lesson7 */ = {
			isa = PBXGroup;
			children = (
				32BFFA1621143F6A00650679 /* AppDelegate.swift */,
				32BFFA28211440D900650679 /* UsersViewController.swift */,
				32BFFA2A2114423400650679 /* User.swift */,
				32BFFA2C2114492F00650679 /* UsersTable.swift */,
				32BFFA1A21143F6B00650679 /* Main.storyboard */,
				32BFFA1D21143F6D00650679 /* Assets.xcassets */,
				32BFFA1F21143F6D00650679 /* LaunchScreen.storyboard */,
				32BFFA2221143F6D00650679 /* Info.plist */,
			);
			path = SQLite_Lesson7;
			sourceTree = "<group>";
		};
		32BFFA2F21144A8200650679 /* Products */ = {
			isa = PBXGroup;
			children = (
				32BFFA3921144A8300650679 /* SQLite.framework */,
				32BFFA3B21144A8300650679 /* SQLiteTests iOS.xctest */,
				32BFFA3D21144A8300650679 /* SQLite.framework */,
				32BFFA3F21144A8300650679 /* SQLiteTests Mac.xctest */,
				32BFFA4121144A8300650679 /* SQLite.framework */,
				32BFFA4321144A8300650679 /* SQLiteTests tvOS.xctest */,
				32BFFA4521144A8300650679 /* SQLite.framework */,
			);
			name = Products;
			sourceTree = "<group>";
		};
		32BFFA4621144F9200650679 /* Frameworks */ = {
			isa = PBXGroup;
			children = (
			);
			name = Frameworks;
			sourceTree = "<group>";
		};
/* End PBXGroup section */

/* Begin PBXNativeTarget section */
		32BFFA1221143F6A00650679 /* SQLite_Lesson7 */ = {
			isa = PBXNativeTarget;
			buildConfigurationList = 32BFFA2521143F6D00650679 /* Build configuration list for PBXNativeTarget "SQLite_Lesson7" */;
			buildPhases = (
				32BFFA0F21143F6A00650679 /* Sources */,
				32BFFA1021143F6A00650679 /* Frameworks */,
				32BFFA1121143F6A00650679 /* Resources */,
				32BFFA4C21144FAC00650679 /* Embed Frameworks */,
			);
			buildRules = (
			);
			dependencies = (
				32BFFA4B21144FAC00650679 /* PBXTargetDependency */,
			);
			name = SQLite_Lesson7;
			productName = SQLite_Lesson7;
			productReference = 32BFFA1321143F6A00650679 /* SQLite_Lesson7.app */;
			productType = "com.apple.product-type.application";
		};
/* End PBXNativeTarget section */

/* Begin PBXProject section */
		32BFFA0B21143F6A00650679 /* Project object */ = {
			isa = PBXProject;
			attributes = {
				LastSwiftUpdateCheck = 0940;
				LastUpgradeCheck = 0940;
				ORGANIZATIONNAME = ThinhLe;
				TargetAttributes = {
					32BFFA1221143F6A00650679 = {
						CreatedOnToolsVersion = 9.4.1;
					};
				};
			};
			buildConfigurationList = 32BFFA0E21143F6A00650679 /* Build configuration list for PBXProject "SQLite_Lesson7" */;
			compatibilityVersion = "Xcode 9.3";
			developmentRegion = en;
			hasScannedForEncodings = 0;
			knownRegions = (
				en,
				Base,
			);
			mainGroup = 32BFFA0A21143F6A00650679;
			productRefGroup = 32BFFA1421143F6A00650679 /* Products */;
			projectDirPath = "";
			projectReferences = (
				{
					ProductGroup = 32BFFA2F21144A8200650679 /* Products */;
					ProjectRef = 32BFFA2E21144A8200650679 /* SQLite.xcodeproj */;
				},
			);
			projectRoot = "";
			targets = (
				32BFFA1221143F6A00650679 /* SQLite_Lesson7 */,
			);
		};
/* End PBXProject section */

/* Begin PBXReferenceProxy section */
		32BFFA3921144A8300650679 /* SQLite.framework */ = {
			isa = PBXReferenceProxy;
			fileType = wrapper.framework;
			path = SQLite.framework;
			remoteRef = 32BFFA3821144A8300650679 /* PBXContainerItemProxy */;
			sourceTree = BUILT_PRODUCTS_DIR;
		};
		32BFFA3B21144A8300650679 /* SQLiteTests iOS.xctest */ = {
			isa = PBXReferenceProxy;
			fileType = wrapper.cfbundle;
			path = "SQLiteTests iOS.xctest";
			remoteRef = 32BFFA3A21144A8300650679 /* PBXContainerItemProxy */;
			sourceTree = BUILT_PRODUCTS_DIR;
		};
		32BFFA3D21144A8300650679 /* SQLite.framework */ = {
			isa = PBXReferenceProxy;
			fileType = wrapper.framework;
			path = SQLite.framework;
			remoteRef = 32BFFA3C21144A8300650679 /* PBXContainerItemProxy */;
			sourceTree = BUILT_PRODUCTS_DIR;
		};
		32BFFA3F21144A8300650679 /* SQLiteTests Mac.xctest */ = {
			isa = PBXReferenceProxy;
			fileType = wrapper.cfbundle;
			path = "SQLiteTests Mac.xctest";
			remoteRef = 32BFFA3E21144A8300650679 /* PBXContainerItemProxy */;
			sourceTree = BUILT_PRODUCTS_DIR;
		};
		32BFFA4121144A8300650679 /* SQLite.framework */ = {
			isa = PBXReferenceProxy;
			fileType = wrapper.framework;
			path = SQLite.framework;
			remoteRef = 32BFFA4021144A8300650679 /* PBXContainerItemProxy */;
			sourceTree = BUILT_PRODUCTS_DIR;
		};
		32BFFA4321144A8300650679 /* SQLiteTests tvOS.xctest */ = {
			isa = PBXReferenceProxy;
			fileType = wrapper.cfbundle;
			path = "SQLiteTests tvOS.xctest";
			remoteRef = 32BFFA4221144A8300650679 /* PBXContainerItemProxy */;
			sourceTree = BUILT_PRODUCTS_DIR;
		};
		32BFFA4521144A8300650679 /* SQLite.framework */ = {
			isa = PBXReferenceProxy;
			fileType = wrapper.framework;
			path = SQLite.framework;
			remoteRef = 32BFFA4421144A8300650679 /* PBXContainerItemProxy */;
			sourceTree = BUILT_PRODUCTS_DIR;
		};
/* End PBXReferenceProxy section */

/* Begin PBXResourcesBuildPhase section */
		32BFFA1121143F6A00650679 /* Resources */ = {
			isa = PBXResourcesBuildPhase;
			buildActionMask = 2147483647;
			files = (
				32BFFA2121143F6D00650679 /* LaunchScreen.storyboard in Resources */,
				32BFFA1E21143F6D00650679 /* Assets.xcassets in Resources */,
				32BFFA1C21143F6B00650679 /* Main.storyboard in Resources */,
			);
			runOnlyForDeploymentPostprocessing = 0;
		};
/* End PBXResourcesBuildPhase section */

/* Begin PBXSourcesBuildPhase section */
		32BFFA0F21143F6A00650679 /* Sources */ = {
			isa = PBXSourcesBuildPhase;
			buildActionMask = 2147483647;
			files = (
				32BFFA2D2114492F00650679 /* UsersTable.swift in Sources */,
				32BFFA1721143F6A00650679 /* AppDelegate.swift in Sources */,
				32BFFA29211440D900650679 /* UsersViewController.swift in Sources */,
				32BFFA2B2114423400650679 /* User.swift in Sources */,
			);
			runOnlyForDeploymentPostprocessing = 0;
		};
/* End PBXSourcesBuildPhase section */

/* Begin PBXTargetDependency section */
		32BFFA4B21144FAC00650679 /* PBXTargetDependency */ = {
			isa = PBXTargetDependency;
			name = "SQLite iOS";
			targetProxy = 32BFFA4A21144FAC00650679 /* PBXContainerItemProxy */;
		};
/* End PBXTargetDependency section */

/* Begin PBXVariantGroup section */
		32BFFA1A21143F6B00650679 /* Main.storyboard */ = {
			isa = PBXVariantGroup;
			children = (
				32BFFA1B21143F6B00650679 /* Base */,
			);
			name = Main.storyboard;
			sourceTree = "<group>";
		};
		32BFFA1F21143F6D00650679 /* LaunchScreen.storyboard */ = {
			isa = PBXVariantGroup;
			children = (
				32BFFA2021143F6D00650679 /* Base */,
			);
			name = LaunchScreen.storyboard;
			sourceTree = "<group>";
		};
/* End PBXVariantGroup section */

/* Begin XCBuildConfiguration section */
		32BFFA2321143F6D00650679 /* Debug */ = {
			isa = XCBuildConfiguration;
			buildSettings = {
				ALWAYS_SEARCH_USER_PATHS = NO;
				CLANG_ANALYZER_NONNULL = YES;
				CLANG_ANALYZER_NUMBER_OBJECT_CONVERSION = YES_AGGRESSIVE;
				CLANG_CXX_LANGUAGE_STANDARD = "gnu++14";
				CLANG_CXX_LIBRARY = "libc++";
				CLANG_ENABLE_MODULES = YES;
				CLANG_ENABLE_OBJC_ARC = YES;
				CLANG_ENABLE_OBJC_WEAK = YES;
				CLANG_WARN_BLOCK_CAPTURE_AUTORELEASING = YES;
				CLANG_WARN_BOOL_CONVERSION = YES;
				CLANG_WARN_COMMA = YES;
				CLANG_WARN_CONSTANT_CONVERSION = YES;
				CLANG_WARN_DEPRECATED_OBJC_IMPLEMENTATIONS = YES;
				CLANG_WARN_DIRECT_OBJC_ISA_USAGE = YES_ERROR;
				CLANG_WARN_DOCUMENTATION_COMMENTS = YES;
				CLANG_WARN_EMPTY_BODY = YES;
				CLANG_WARN_ENUM_CONVERSION = YES;
				CLANG_WARN_INFINITE_RECURSION = YES;
				CLANG_WARN_INT_CONVERSION = YES;
				CLANG_WARN_NON_LITERAL_NULL_CONVERSION = YES;
				CLANG_WARN_OBJC_IMPLICIT_RETAIN_SELF = YES;
				CLANG_WARN_OBJC_LITERAL_CONVERSION = YES;
				CLANG_WARN_OBJC_ROOT_CLASS = YES_ERROR;
				CLANG_WARN_RANGE_LOOP_ANALYSIS = YES;
				CLANG_WARN_STRICT_PROTOTYPES = YES;
				CLANG_WARN_SUSPICIOUS_MOVE = YES;
				CLANG_WARN_UNGUARDED_AVAILABILITY = YES_AGGRESSIVE;
				CLANG_WARN_UNREACHABLE_CODE = YES;
				CLANG_WARN__DUPLICATE_METHOD_MATCH = YES;
				CODE_SIGN_IDENTITY = "iPhone Developer";
				COPY_PHASE_STRIP = NO;
				DEBUG_INFORMATION_FORMAT = dwarf;
				ENABLE_STRICT_OBJC_MSGSEND = YES;
				ENABLE_TESTABILITY = YES;
				GCC_C_LANGUAGE_STANDARD = gnu11;
				GCC_DYNAMIC_NO_PIC = NO;
				GCC_NO_COMMON_BLOCKS = YES;
				GCC_OPTIMIZATION_LEVEL = 0;
				GCC_PREPROCESSOR_DEFINITIONS = (
					"DEBUG=1",
					"$(inherited)",
				);
				GCC_WARN_64_TO_32_BIT_CONVERSION = YES;
				GCC_WARN_ABOUT_RETURN_TYPE = YES_ERROR;
				GCC_WARN_UNDECLARED_SELECTOR = YES;
				GCC_WARN_UNINITIALIZED_AUTOS = YES_AGGRESSIVE;
				GCC_WARN_UNUSED_FUNCTION = YES;
				GCC_WARN_UNUSED_VARIABLE = YES;
				IPHONEOS_DEPLOYMENT_TARGET = 11.4;
				MTL_ENABLE_DEBUG_INFO = YES;
				ONLY_ACTIVE_ARCH = YES;
				SDKROOT = iphoneos;
				SWIFT_ACTIVE_COMPILATION_CONDITIONS = DEBUG;
				SWIFT_OPTIMIZATION_LEVEL = "-Onone";
			};
			name = Debug;
		};
		32BFFA2421143F6D00650679 /* Release */ = {
			isa = XCBuildConfiguration;
			buildSettings = {
				ALWAYS_SEARCH_USER_PATHS = NO;
				CLANG_ANALYZER_NONNULL = YES;
				CLANG_ANALYZER_NUMBER_OBJECT_CONVERSION = YES_AGGRESSIVE;
				CLANG_CXX_LANGUAGE_STANDARD = "gnu++14";
				CLANG_CXX_LIBRARY = "libc++";
				CLANG_ENABLE_MODULES = YES;
				CLANG_ENABLE_OBJC_ARC = YES;
				CLANG_ENABLE_OBJC_WEAK = YES;
				CLANG_WARN_BLOCK_CAPTURE_AUTORELEASING = YES;
				CLANG_WARN_BOOL_CONVERSION = YES;
				CLANG_WARN_COMMA = YES;
				CLANG_WARN_CONSTANT_CONVERSION = YES;
				CLANG_WARN_DEPRECATED_OBJC_IMPLEMENTATIONS = YES;
				CLANG_WARN_DIRECT_OBJC_ISA_USAGE = YES_ERROR;
				CLANG_WARN_DOCUMENTATION_COMMENTS = YES;
				CLANG_WARN_EMPTY_BODY = YES;
				CLANG_WARN_ENUM_CONVERSION = YES;
				CLANG_WARN_INFINITE_RECURSION = YES;
				CLANG_WARN_INT_CONVERSION = YES;
				CLANG_WARN_NON_LITERAL_NULL_CONVERSION = YES;
				CLANG_WARN_OBJC_IMPLICIT_RETAIN_SELF = YES;
				CLANG_WARN_OBJC_LITERAL_CONVERSION = YES;
				CLANG_WARN_OBJC_ROOT_CLASS = YES_ERROR;
				CLANG_WARN_RANGE_LOOP_ANALYSIS = YES;
				CLANG_WARN_STRICT_PROTOTYPES = YES;
				CLANG_WARN_SUSPICIOUS_MOVE = YES;
				CLANG_WARN_UNGUARDED_AVAILABILITY = YES_AGGRESSIVE;
				CLANG_WARN_UNREACHABLE_CODE = YES;
				CLANG_WARN__DUPLICATE_METHOD_MATCH = YES;
				CODE_SIGN_IDENTITY = "iPhone Developer";
				COPY_PHASE_STRIP = NO;
				DEBUG_INFORMATION_FORMAT = "dwarf-with-dsym";
				ENABLE_NS_ASSERTIONS = NO;
				ENABLE_STRICT_OBJC_MSGSEND = YES;
				GCC_C_LANGUAGE_STANDARD = gnu11;
				GCC_NO_COMMON_BLOCKS = YES;
				GCC_WARN_64_TO_32_BIT_CONVERSION = YES;
				GCC_WARN_ABOUT_RETURN_TYPE = YES_ERROR;
				GCC_WARN_UNDECLARED_SELECTOR = YES;
				GCC_WARN_UNINITIALIZED_AUTOS = YES_AGGRESSIVE;
				GCC_WARN_UNUSED_FUNCTION = YES;
				GCC_WARN_UNUSED_VARIABLE = YES;
				IPHONEOS_DEPLOYMENT_TARGET = 11.4;
				MTL_ENABLE_DEBUG_INFO = NO;
				SDKROOT = iphoneos;
				SWIFT_COMPILATION_MODE = wholemodule;
				SWIFT_OPTIMIZATION_LEVEL = "-O";
				VALIDATE_PRODUCT = YES;
			};
			name = Release;
		};
		32BFFA2621143F6D00650679 /* Debug */ = {
			isa = XCBuildConfiguration;
			buildSettings = {
				ALWAYS_EMBED_SWIFT_STANDARD_LIBRARIES = YES;
				ASSETCATALOG_COMPILER_APPICON_NAME = AppIcon;
				CODE_SIGN_STYLE = Automatic;
				INFOPLIST_FILE = SQLite_Lesson7/Info.plist;
				LD_RUNPATH_SEARCH_PATHS = (
					"$(inherited)",
					"@executable_path/Frameworks",
				);
				PRODUCT_BUNDLE_IDENTIFIER = "ThinhLe.SQLite-Lesson7";
				PRODUCT_NAME = "$(TARGET_NAME)";
				SWIFT_VERSION = 4.0;
				TARGETED_DEVICE_FAMILY = "1,2";
			};
			name = Debug;
		};
		32BFFA2721143F6D00650679 /* Release */ = {
			isa = XCBuildConfiguration;
			buildSettings = {
				ALWAYS_EMBED_SWIFT_STANDARD_LIBRARIES = YES;
				ASSETCATALOG_COMPILER_APPICON_NAME = AppIcon;
				CODE_SIGN_STYLE = Automatic;
				INFOPLIST_FILE = SQLite_Lesson7/Info.plist;
				LD_RUNPATH_SEARCH_PATHS = (
					"$(inherited)",
					"@executable_path/Frameworks",
				);
				PRODUCT_BUNDLE_IDENTIFIER = "ThinhLe.SQLite-Lesson7";
				PRODUCT_NAME = "$(TARGET_NAME)";
				SWIFT_VERSION = 4.0;
				TARGETED_DEVICE_FAMILY = "1,2";
			};
			name = Release;
		};
/* End XCBuildConfiguration section */

/* Begin XCConfigurationList section */
		32BFFA0E21143F6A00650679 /* Build configuration list for PBXProject "SQLite_Lesson7" */ = {
			isa = XCConfigurationList;
			buildConfigurations = (
				32BFFA2321143F6D00650679 /* Debug */,
				32BFFA2421143F6D00650679 /* Release */,
			);
			defaultConfigurationIsVisible = 0;
			defaultConfigurationName = Release;
		};
		32BFFA2521143F6D00650679 /* Build configuration list for PBXNativeTarget "SQLite_Lesson7" */ = {
			isa = XCConfigurationList;
			buildConfigurations = (
				32BFFA2621143F6D00650679 /* Debug */,
				32BFFA2721143F6D00650679 /* Release */,
			);
			defaultConfigurationIsVisible = 0;
			defaultConfigurationName = Release;
		};
/* End XCConfigurationList section */
	};
	rootObject = 32BFFA0B21143F6A00650679 /* Project object */;
}
